
Microsoft Visual Studio Solution File, Format Version 12.00
# Visual Studio Version 17
VisualStudioVersion = 17.10.35027.167
MinimumVisualStudioVersion = 10.0.40219.1
Project("{FAE04EC0-301F-11D3-BF4B-00C04F79EFBC}") = "Road Friend - Holiday", "Road Friend - Holiday\Road Friend - Holiday.csproj", "{95BB7ACC-0A67-4BD6-BFEB-DA027CA8D6DF}"
EndProject
Global
	GlobalSection(SolutionConfigurationPlatforms) = preSolution
		Debug|Any CPU = Debug|Any CPU
		Release|Any CPU = Release|Any CPU
	EndGlobalSection
	GlobalSection(ProjectConfigurationPlatforms) = postSolution
		{95BB7ACC-0A67-4BD6-BFEB-DA027CA8D6DF}.Debug|Any CPU.ActiveCfg = Debug|Any CPU
		{95BB7ACC-0A67-4BD6-BFEB-DA027CA8D6DF}.Debug|Any CPU.Build.0 = Debug|Any CPU
		{95BB7ACC-0A67-4BD6-BFEB-DA027CA8D6DF}.Release|Any CPU.ActiveCfg = Release|Any CPU
		{95BB7ACC-0A67-4BD6-BFEB-DA027CA8D6DF}.Release|Any CPU.Build.0 = Release|Any CPU
	EndGlobalSection
	GlobalSection(SolutionProperties) = preSolution
		HideSolutionNode = FALSE
	EndGlobalSection
	GlobalSection(ExtensibilityGlobals) = postSolution
		SolutionGuid = {7E683392-B366-4C1A-B89A-90E3832BAD8C}
	EndGlobalSection
EndGlobal
